// !$*UTF8*$!
{
	archiveVersion = 1;
	classes = {
	};
	objectVersion = 51;
	objects = {

/* Begin PBXBuildFile section */
		25170D1E262D9E05000AB39D /* LocationInputView.swift in Sources */ = {isa = PBXBuildFile; fileRef = 25170D1D262D9E05000AB39D /* LocationInputView.swift */; };
		25170D6C262E7004000AB39D /* Service.swift in Sources */ = {isa = PBXBuildFile; fileRef = 25170D6B262E7004000AB39D /* Service.swift */; };
		25170D72262E703C000AB39D /* User.swift in Sources */ = {isa = PBXBuildFile; fileRef = 25170D71262E703C000AB39D /* User.swift */; };
		25170DF9262EB144000AB39D /* LocationHandler.swift in Sources */ = {isa = PBXBuildFile; fileRef = 25170DF8262EB144000AB39D /* LocationHandler.swift */; };
		2571E546262D2F8A008B0073 /* AppDelegate.swift in Sources */ = {isa = PBXBuildFile; fileRef = 2571E545262D2F8A008B0073 /* AppDelegate.swift */; };
		2571E548262D2F8A008B0073 /* SceneDelegate.swift in Sources */ = {isa = PBXBuildFile; fileRef = 2571E547262D2F8A008B0073 /* SceneDelegate.swift */; };
		2571E54A262D2F8A008B0073 /* ViewController.swift in Sources */ = {isa = PBXBuildFile; fileRef = 2571E549262D2F8A008B0073 /* ViewController.swift */; };
		2571E54D262D2F8A008B0073 /* Main.storyboard in Resources */ = {isa = PBXBuildFile; fileRef = 2571E54B262D2F8A008B0073 /* Main.storyboard */; };
		2571E552262D2F8D008B0073 /* LaunchScreen.storyboard in Resources */ = {isa = PBXBuildFile; fileRef = 2571E550262D2F8D008B0073 /* LaunchScreen.storyboard */; };
		2571E55D262D2F8E008B0073 /* muber_v2Tests.swift in Sources */ = {isa = PBXBuildFile; fileRef = 2571E55C262D2F8E008B0073 /* muber_v2Tests.swift */; };
		2571E568262D2F8E008B0073 /* muber_v2UITests.swift in Sources */ = {isa = PBXBuildFile; fileRef = 2571E567262D2F8E008B0073 /* muber_v2UITests.swift */; };
		2571E581262D3091008B0073 /* Extensions.swift in Sources */ = {isa = PBXBuildFile; fileRef = 2571E57A262D3091008B0073 /* Extensions.swift */; };
		2571E582262D3091008B0073 /* AuthButton.swift in Sources */ = {isa = PBXBuildFile; fileRef = 2571E57C262D3091008B0073 /* AuthButton.swift */; };
		2571E583262D3091008B0073 /* LoginController.swift in Sources */ = {isa = PBXBuildFile; fileRef = 2571E57E262D3091008B0073 /* LoginController.swift */; };
		2571E584262D3091008B0073 /* SignUpController.swift in Sources */ = {isa = PBXBuildFile; fileRef = 2571E57F262D3091008B0073 /* SignUpController.swift */; };
		2571E589262D30C5008B0073 /* Assets.xcassets in Resources */ = {isa = PBXBuildFile; fileRef = 2571E588262D30C5008B0073 /* Assets.xcassets */; };
		2573258F262D506F00FD18C6 /* HomeController.swift in Sources */ = {isa = PBXBuildFile; fileRef = 2573258E262D506F00FD18C6 /* HomeController.swift */; };
		67456CA2262ED7250086D138 /* GoogleService-Info.plist in Resources */ = {isa = PBXBuildFile; fileRef = 67456CA1262ED7250086D138 /* GoogleService-Info.plist */; };
		67A69999262E5E8C00E178BC /* ContainerController.swift in Sources */ = {isa = PBXBuildFile; fileRef = 67A69998262E5E8C00E178BC /* ContainerController.swift */; };
		67A699A1262E5E9C00E178BC /* MenuController.swift in Sources */ = {isa = PBXBuildFile; fileRef = 67A699A0262E5E9C00E178BC /* MenuController.swift */; };
		67A699A6262E5ED800E178BC /* MenuHeader.swift in Sources */ = {isa = PBXBuildFile; fileRef = 67A699A5262E5ED800E178BC /* MenuHeader.swift */; };
		87BF44608C39A2D8FC54A5FD /* Pods_muber_v2.framework in Frameworks */ = {isa = PBXBuildFile; fileRef = E76599282EA482C48CC3E822 /* Pods_muber_v2.framework */; };
		C1A815E9262D6E94002B4441 /* LocationInputActivationView.swift in Sources */ = {isa = PBXBuildFile; fileRef = C1A815E8262D6E94002B4441 /* LocationInputActivationView.swift */; };
		C1A815F9262E6271002B4441 /* LocationCell.swift in Sources */ = {isa = PBXBuildFile; fileRef = C1A815F8262E6271002B4441 /* LocationCell.swift */; };
/* End PBXBuildFile section */

/* Begin PBXContainerItemProxy section */
		2571E559262D2F8E008B0073 /* PBXContainerItemProxy */ = {
			isa = PBXContainerItemProxy;
			containerPortal = 2571E53A262D2F8A008B0073 /* Project object */;
			proxyType = 1;
			remoteGlobalIDString = 2571E541262D2F8A008B0073;
			remoteInfo = "muber-v2";
		};
		2571E564262D2F8E008B0073 /* PBXContainerItemProxy */ = {
			isa = PBXContainerItemProxy;
			containerPortal = 2571E53A262D2F8A008B0073 /* Project object */;
			proxyType = 1;
			remoteGlobalIDString = 2571E541262D2F8A008B0073;
			remoteInfo = "muber-v2";
		};
/* End PBXContainerItemProxy section */

/* Begin PBXFileReference section */
		1410DB6CA015650CDCB3D1F0 /* Pods-muber-v2.release.xcconfig */ = {isa = PBXFileReference; includeInIndex = 1; lastKnownFileType = text.xcconfig; name = "Pods-muber-v2.release.xcconfig"; path = "Target Support Files/Pods-muber-v2/Pods-muber-v2.release.xcconfig"; sourceTree = "<group>"; };
		25170D1D262D9E05000AB39D /* LocationInputView.swift */ = {isa = PBXFileReference; lastKnownFileType = sourcecode.swift; path = LocationInputView.swift; sourceTree = "<group>"; };
		25170D6B262E7004000AB39D /* Service.swift */ = {isa = PBXFileReference; lastKnownFileType = sourcecode.swift; path = Service.swift; sourceTree = "<group>"; };
		25170D71262E703C000AB39D /* User.swift */ = {isa = PBXFileReference; lastKnownFileType = sourcecode.swift; path = User.swift; sourceTree = "<group>"; };
		25170DF8262EB144000AB39D /* LocationHandler.swift */ = {isa = PBXFileReference; lastKnownFileType = sourcecode.swift; path = LocationHandler.swift; sourceTree = "<group>"; };
		2571E542262D2F8A008B0073 /* muber-v2.app */ = {isa = PBXFileReference; explicitFileType = wrapper.application; includeInIndex = 0; path = "muber-v2.app"; sourceTree = BUILT_PRODUCTS_DIR; };
		2571E545262D2F8A008B0073 /* AppDelegate.swift */ = {isa = PBXFileReference; lastKnownFileType = sourcecode.swift; path = AppDelegate.swift; sourceTree = "<group>"; };
		2571E547262D2F8A008B0073 /* SceneDelegate.swift */ = {isa = PBXFileReference; lastKnownFileType = sourcecode.swift; path = SceneDelegate.swift; sourceTree = "<group>"; };
		2571E549262D2F8A008B0073 /* ViewController.swift */ = {isa = PBXFileReference; lastKnownFileType = sourcecode.swift; path = ViewController.swift; sourceTree = "<group>"; };
		2571E54C262D2F8A008B0073 /* Base */ = {isa = PBXFileReference; lastKnownFileType = file.storyboard; name = Base; path = Base.lproj/Main.storyboard; sourceTree = "<group>"; };
		2571E551262D2F8D008B0073 /* Base */ = {isa = PBXFileReference; lastKnownFileType = file.storyboard; name = Base; path = Base.lproj/LaunchScreen.storyboard; sourceTree = "<group>"; };
		2571E553262D2F8D008B0073 /* Info.plist */ = {isa = PBXFileReference; lastKnownFileType = text.plist.xml; path = Info.plist; sourceTree = "<group>"; };
		2571E558262D2F8E008B0073 /* muber-v2Tests.xctest */ = {isa = PBXFileReference; explicitFileType = wrapper.cfbundle; includeInIndex = 0; path = "muber-v2Tests.xctest"; sourceTree = BUILT_PRODUCTS_DIR; };
		2571E55C262D2F8E008B0073 /* muber_v2Tests.swift */ = {isa = PBXFileReference; lastKnownFileType = sourcecode.swift; path = muber_v2Tests.swift; sourceTree = "<group>"; };
		2571E55E262D2F8E008B0073 /* Info.plist */ = {isa = PBXFileReference; lastKnownFileType = text.plist.xml; path = Info.plist; sourceTree = "<group>"; };
		2571E563262D2F8E008B0073 /* muber-v2UITests.xctest */ = {isa = PBXFileReference; explicitFileType = wrapper.cfbundle; includeInIndex = 0; path = "muber-v2UITests.xctest"; sourceTree = BUILT_PRODUCTS_DIR; };
		2571E567262D2F8E008B0073 /* muber_v2UITests.swift */ = {isa = PBXFileReference; lastKnownFileType = sourcecode.swift; path = muber_v2UITests.swift; sourceTree = "<group>"; };
		2571E569262D2F8E008B0073 /* Info.plist */ = {isa = PBXFileReference; lastKnownFileType = text.plist.xml; path = Info.plist; sourceTree = "<group>"; };
		2571E57A262D3091008B0073 /* Extensions.swift */ = {isa = PBXFileReference; fileEncoding = 4; lastKnownFileType = sourcecode.swift; path = Extensions.swift; sourceTree = "<group>"; };
		2571E57C262D3091008B0073 /* AuthButton.swift */ = {isa = PBXFileReference; fileEncoding = 4; lastKnownFileType = sourcecode.swift; path = AuthButton.swift; sourceTree = "<group>"; };
		2571E57E262D3091008B0073 /* LoginController.swift */ = {isa = PBXFileReference; fileEncoding = 4; lastKnownFileType = sourcecode.swift; path = LoginController.swift; sourceTree = "<group>"; };
		2571E57F262D3091008B0073 /* SignUpController.swift */ = {isa = PBXFileReference; fileEncoding = 4; lastKnownFileType = sourcecode.swift; path = SignUpController.swift; sourceTree = "<group>"; };
		2571E588262D30C5008B0073 /* Assets.xcassets */ = {isa = PBXFileReference; lastKnownFileType = folder.assetcatalog; path = Assets.xcassets; sourceTree = "<group>"; };
		2573258E262D506F00FD18C6 /* HomeController.swift */ = {isa = PBXFileReference; lastKnownFileType = sourcecode.swift; path = HomeController.swift; sourceTree = "<group>"; };
		67456CA1262ED7250086D138 /* GoogleService-Info.plist */ = {isa = PBXFileReference; fileEncoding = 4; lastKnownFileType = text.plist.xml; name = "GoogleService-Info.plist"; path = "../../muber-v2/muber-v2/GoogleService-Info.plist"; sourceTree = "<group>"; };
		67A69998262E5E8C00E178BC /* ContainerController.swift */ = {isa = PBXFileReference; lastKnownFileType = sourcecode.swift; path = ContainerController.swift; sourceTree = "<group>"; };
		67A699A0262E5E9C00E178BC /* MenuController.swift */ = {isa = PBXFileReference; lastKnownFileType = sourcecode.swift; path = MenuController.swift; sourceTree = "<group>"; };
		67A699A5262E5ED800E178BC /* MenuHeader.swift */ = {isa = PBXFileReference; lastKnownFileType = sourcecode.swift; path = MenuHeader.swift; sourceTree = "<group>"; };
		7F763BF86D0608575B463BDD /* Pods-muber-v2.debug.xcconfig */ = {isa = PBXFileReference; includeInIndex = 1; lastKnownFileType = text.xcconfig; name = "Pods-muber-v2.debug.xcconfig"; path = "Target Support Files/Pods-muber-v2/Pods-muber-v2.debug.xcconfig"; sourceTree = "<group>"; };
		C1A815E8262D6E94002B4441 /* LocationInputActivationView.swift */ = {isa = PBXFileReference; lastKnownFileType = sourcecode.swift; path = LocationInputActivationView.swift; sourceTree = "<group>"; };
		C1A815F8262E6271002B4441 /* LocationCell.swift */ = {isa = PBXFileReference; lastKnownFileType = sourcecode.swift; path = LocationCell.swift; sourceTree = "<group>"; };
		E76599282EA482C48CC3E822 /* Pods_muber_v2.framework */ = {isa = PBXFileReference; explicitFileType = wrapper.framework; includeInIndex = 0; path = Pods_muber_v2.framework; sourceTree = BUILT_PRODUCTS_DIR; };
/* End PBXFileReference section */

/* Begin PBXFrameworksBuildPhase section */
		2571E53F262D2F8A008B0073 /* Frameworks */ = {
			isa = PBXFrameworksBuildPhase;
			buildActionMask = 2147483647;
			files = (
				87BF44608C39A2D8FC54A5FD /* Pods_muber_v2.framework in Frameworks */,
			);
			runOnlyForDeploymentPostprocessing = 0;
		};
		2571E555262D2F8E008B0073 /* Frameworks */ = {
			isa = PBXFrameworksBuildPhase;
			buildActionMask = 2147483647;
			files = (
			);
			runOnlyForDeploymentPostprocessing = 0;
		};
		2571E560262D2F8E008B0073 /* Frameworks */ = {
			isa = PBXFrameworksBuildPhase;
			buildActionMask = 2147483647;
			files = (
			);
			runOnlyForDeploymentPostprocessing = 0;
		};
/* End PBXFrameworksBuildPhase section */

/* Begin PBXGroup section */
		25170D70262E701F000AB39D /* Model */ = {
			isa = PBXGroup;
			children = (
				25170D71262E703C000AB39D /* User.swift */,
			);
			path = Model;
			sourceTree = "<group>";
		};
		2571E539262D2F8A008B0073 = {
			isa = PBXGroup;
			children = (
				2571E544262D2F8A008B0073 /* muber-v2 */,
				2571E55B262D2F8E008B0073 /* muber-v2Tests */,
				2571E566262D2F8E008B0073 /* muber-v2UITests */,
				2571E543262D2F8A008B0073 /* Products */,
				89D69AEBC3073E62CA471FB3 /* Pods */,
				65523C8EFE94974CC9E423CB /* Frameworks */,
			);
			sourceTree = "<group>";
		};
		2571E543262D2F8A008B0073 /* Products */ = {
			isa = PBXGroup;
			children = (
				2571E542262D2F8A008B0073 /* muber-v2.app */,
				2571E558262D2F8E008B0073 /* muber-v2Tests.xctest */,
				2571E563262D2F8E008B0073 /* muber-v2UITests.xctest */,
			);
			name = Products;
			sourceTree = "<group>";
		};
		2571E544262D2F8A008B0073 /* muber-v2 */ = {
			isa = PBXGroup;
			children = (
				2571E57D262D3091008B0073 /* Controller */,
				25170D70262E701F000AB39D /* Model */,
				2571E578262D3091008B0073 /* Service */,
				2571E579262D3091008B0073 /* Utils */,
				2571E57B262D3091008B0073 /* View */,
				2571E545262D2F8A008B0073 /* AppDelegate.swift */,
				2571E547262D2F8A008B0073 /* SceneDelegate.swift */,
				2571E549262D2F8A008B0073 /* ViewController.swift */,
				2571E54B262D2F8A008B0073 /* Main.storyboard */,
				2571E588262D30C5008B0073 /* Assets.xcassets */,
				2571E550262D2F8D008B0073 /* LaunchScreen.storyboard */,
				67456CA1262ED7250086D138 /* GoogleService-Info.plist */,
				2571E553262D2F8D008B0073 /* Info.plist */,
			);
			path = "muber-v2";
			sourceTree = "<group>";
		};
		2571E55B262D2F8E008B0073 /* muber-v2Tests */ = {
			isa = PBXGroup;
			children = (
				2571E55C262D2F8E008B0073 /* muber_v2Tests.swift */,
				2571E55E262D2F8E008B0073 /* Info.plist */,
			);
			path = "muber-v2Tests";
			sourceTree = "<group>";
		};
		2571E566262D2F8E008B0073 /* muber-v2UITests */ = {
			isa = PBXGroup;
			children = (
				2571E567262D2F8E008B0073 /* muber_v2UITests.swift */,
				2571E569262D2F8E008B0073 /* Info.plist */,
			);
			path = "muber-v2UITests";
			sourceTree = "<group>";
		};
		2571E578262D3091008B0073 /* Service */ = {
			isa = PBXGroup;
			children = (
				25170D6B262E7004000AB39D /* Service.swift */,
			);
			path = Service;
			sourceTree = "<group>";
		};
		2571E579262D3091008B0073 /* Utils */ = {
			isa = PBXGroup;
			children = (
				2571E57A262D3091008B0073 /* Extensions.swift */,
				25170DF8262EB144000AB39D /* LocationHandler.swift */,
			);
			path = Utils;
			sourceTree = "<group>";
		};
		2571E57B262D3091008B0073 /* View */ = {
			isa = PBXGroup;
			children = (
				2571E57C262D3091008B0073 /* AuthButton.swift */,
				C1A815E8262D6E94002B4441 /* LocationInputActivationView.swift */,
				25170D1D262D9E05000AB39D /* LocationInputView.swift */,
				67A699A5262E5ED800E178BC /* MenuHeader.swift */,
			);
			path = View;
			sourceTree = "<group>";
		};
		2571E57D262D3091008B0073 /* Controller */ = {
			isa = PBXGroup;
			children = (
				67A69997262E5E7000E178BC /* sidemenu */,
				2571E57E262D3091008B0073 /* LoginController.swift */,
				2571E57F262D3091008B0073 /* SignUpController.swift */,
				2573258E262D506F00FD18C6 /* HomeController.swift */,
				C1A815F8262E6271002B4441 /* LocationCell.swift */,
			);
			path = Controller;
			sourceTree = "<group>";
		};
		65523C8EFE94974CC9E423CB /* Frameworks */ = {
			isa = PBXGroup;
			children = (
				E76599282EA482C48CC3E822 /* Pods_muber_v2.framework */,
			);
			name = Frameworks;
			sourceTree = "<group>";
		};
		67A69997262E5E7000E178BC /* sidemenu */ = {
			isa = PBXGroup;
			children = (
				67A69998262E5E8C00E178BC /* ContainerController.swift */,
				67A699A0262E5E9C00E178BC /* MenuController.swift */,
			);
			path = sidemenu;
			sourceTree = "<group>";
		};
		89D69AEBC3073E62CA471FB3 /* Pods */ = {
			isa = PBXGroup;
			children = (
				7F763BF86D0608575B463BDD /* Pods-muber-v2.debug.xcconfig */,
				1410DB6CA015650CDCB3D1F0 /* Pods-muber-v2.release.xcconfig */,
			);
			path = Pods;
			sourceTree = "<group>";
		};
/* End PBXGroup section */

/* Begin PBXNativeTarget section */
		2571E541262D2F8A008B0073 /* muber-v2 */ = {
			isa = PBXNativeTarget;
			buildConfigurationList = 2571E56C262D2F8E008B0073 /* Build configuration list for PBXNativeTarget "muber-v2" */;
			buildPhases = (
				3367760673AC54E82C5763FF /* [CP] Check Pods Manifest.lock */,
				2571E53E262D2F8A008B0073 /* Sources */,
				2571E53F262D2F8A008B0073 /* Frameworks */,
				2571E540262D2F8A008B0073 /* Resources */,
				1350058B71443DB08707A759 /* [CP] Embed Pods Frameworks */,
			);
			buildRules = (
			);
			dependencies = (
			);
			name = "muber-v2";
			productName = "muber-v2";
			productReference = 2571E542262D2F8A008B0073 /* muber-v2.app */;
			productType = "com.apple.product-type.application";
		};
		2571E557262D2F8E008B0073 /* muber-v2Tests */ = {
			isa = PBXNativeTarget;
			buildConfigurationList = 2571E56F262D2F8E008B0073 /* Build configuration list for PBXNativeTarget "muber-v2Tests" */;
			buildPhases = (
				2571E554262D2F8E008B0073 /* Sources */,
				2571E555262D2F8E008B0073 /* Frameworks */,
				2571E556262D2F8E008B0073 /* Resources */,
			);
			buildRules = (
			);
			dependencies = (
				2571E55A262D2F8E008B0073 /* PBXTargetDependency */,
			);
			name = "muber-v2Tests";
			productName = "muber-v2Tests";
			productReference = 2571E558262D2F8E008B0073 /* muber-v2Tests.xctest */;
			productType = "com.apple.product-type.bundle.unit-test";
		};
		2571E562262D2F8E008B0073 /* muber-v2UITests */ = {
			isa = PBXNativeTarget;
			buildConfigurationList = 2571E572262D2F8E008B0073 /* Build configuration list for PBXNativeTarget "muber-v2UITests" */;
			buildPhases = (
				2571E55F262D2F8E008B0073 /* Sources */,
				2571E560262D2F8E008B0073 /* Frameworks */,
				2571E561262D2F8E008B0073 /* Resources */,
			);
			buildRules = (
			);
			dependencies = (
				2571E565262D2F8E008B0073 /* PBXTargetDependency */,
			);
			name = "muber-v2UITests";
			productName = "muber-v2UITests";
			productReference = 2571E563262D2F8E008B0073 /* muber-v2UITests.xctest */;
			productType = "com.apple.product-type.bundle.ui-testing";
		};
/* End PBXNativeTarget section */

/* Begin PBXProject section */
		2571E53A262D2F8A008B0073 /* Project object */ = {
			isa = PBXProject;
			attributes = {
				LastSwiftUpdateCheck = 1240;
				LastUpgradeCheck = 1240;
				TargetAttributes = {
					2571E541262D2F8A008B0073 = {
						CreatedOnToolsVersion = 12.4;
					};
					2571E557262D2F8E008B0073 = {
						CreatedOnToolsVersion = 12.4;
						TestTargetID = 2571E541262D2F8A008B0073;
					};
					2571E562262D2F8E008B0073 = {
						CreatedOnToolsVersion = 12.4;
						TestTargetID = 2571E541262D2F8A008B0073;
					};
				};
			};
			buildConfigurationList = 2571E53D262D2F8A008B0073 /* Build configuration list for PBXProject "muber-v2" */;
			compatibilityVersion = "Xcode 9.3";
			developmentRegion = en;
			hasScannedForEncodings = 0;
			knownRegions = (
				en,
				Base,
			);
			mainGroup = 2571E539262D2F8A008B0073;
			productRefGroup = 2571E543262D2F8A008B0073 /* Products */;
			projectDirPath = "";
			projectRoot = "";
			targets = (
				2571E541262D2F8A008B0073 /* muber-v2 */,
				2571E557262D2F8E008B0073 /* muber-v2Tests */,
				2571E562262D2F8E008B0073 /* muber-v2UITests */,
			);
		};
/* End PBXProject section */

/* Begin PBXResourcesBuildPhase section */
		2571E540262D2F8A008B0073 /* Resources */ = {
			isa = PBXResourcesBuildPhase;
			buildActionMask = 2147483647;
			files = (
				2571E552262D2F8D008B0073 /* LaunchScreen.storyboard in Resources */,
				67456CA2262ED7250086D138 /* GoogleService-Info.plist in Resources */,
				2571E589262D30C5008B0073 /* Assets.xcassets in Resources */,
				2571E54D262D2F8A008B0073 /* Main.storyboard in Resources */,
			);
			runOnlyForDeploymentPostprocessing = 0;
		};
		2571E556262D2F8E008B0073 /* Resources */ = {
			isa = PBXResourcesBuildPhase;
			buildActionMask = 2147483647;
			files = (
			);
			runOnlyForDeploymentPostprocessing = 0;
		};
		2571E561262D2F8E008B0073 /* Resources */ = {
			isa = PBXResourcesBuildPhase;
			buildActionMask = 2147483647;
			files = (
			);
			runOnlyForDeploymentPostprocessing = 0;
		};
/* End PBXResourcesBuildPhase section */

/* Begin PBXShellScriptBuildPhase section */
		1350058B71443DB08707A759 /* [CP] Embed Pods Frameworks */ = {
			isa = PBXShellScriptBuildPhase;
			buildActionMask = 2147483647;
			files = (
			);
			inputFileListPaths = (
				"${PODS_ROOT}/Target Support Files/Pods-muber-v2/Pods-muber-v2-frameworks-${CONFIGURATION}-input-files.xcfilelist",
			);
			name = "[CP] Embed Pods Frameworks";
			outputFileListPaths = (
				"${PODS_ROOT}/Target Support Files/Pods-muber-v2/Pods-muber-v2-frameworks-${CONFIGURATION}-output-files.xcfilelist",
			);
			runOnlyForDeploymentPostprocessing = 0;
			shellPath = /bin/sh;
			shellScript = "\"${PODS_ROOT}/Target Support Files/Pods-muber-v2/Pods-muber-v2-frameworks.sh\"\n";
			showEnvVarsInLog = 0;
		};
		3367760673AC54E82C5763FF /* [CP] Check Pods Manifest.lock */ = {
			isa = PBXShellScriptBuildPhase;
			buildActionMask = 2147483647;
			files = (
			);
			inputFileListPaths = (
			);
			inputPaths = (
				"${PODS_PODFILE_DIR_PATH}/Podfile.lock",
				"${PODS_ROOT}/Manifest.lock",
			);
			name = "[CP] Check Pods Manifest.lock";
			outputFileListPaths = (
			);
			outputPaths = (
				"$(DERIVED_FILE_DIR)/Pods-muber-v2-checkManifestLockResult.txt",
			);
			runOnlyForDeploymentPostprocessing = 0;
			shellPath = /bin/sh;
			shellScript = "diff \"${PODS_PODFILE_DIR_PATH}/Podfile.lock\" \"${PODS_ROOT}/Manifest.lock\" > /dev/null\nif [ $? != 0 ] ; then\n    # print error to STDERR\n    echo \"error: The sandbox is not in sync with the Podfile.lock. Run 'pod install' or update your CocoaPods installation.\" >&2\n    exit 1\nfi\n# This output is used by Xcode 'outputs' to avoid re-running this script phase.\necho \"SUCCESS\" > \"${SCRIPT_OUTPUT_FILE_0}\"\n";
			showEnvVarsInLog = 0;
		};
/* End PBXShellScriptBuildPhase section */

/* Begin PBXSourcesBuildPhase section */
		2571E53E262D2F8A008B0073 /* Sources */ = {
			isa = PBXSourcesBuildPhase;
			buildActionMask = 2147483647;
			files = (
				2571E54A262D2F8A008B0073 /* ViewController.swift in Sources */,
				2571E583262D3091008B0073 /* LoginController.swift in Sources */,
				2571E584262D3091008B0073 /* SignUpController.swift in Sources */,
				2571E582262D3091008B0073 /* AuthButton.swift in Sources */,
				67A699A1262E5E9C00E178BC /* MenuController.swift in Sources */,
				67A699A6262E5ED800E178BC /* MenuHeader.swift in Sources */,
				25170DF9262EB144000AB39D /* LocationHandler.swift in Sources */,
				25170D1E262D9E05000AB39D /* LocationInputView.swift in Sources */,
				C1A815E9262D6E94002B4441 /* LocationInputActivationView.swift in Sources */,
				C1A815F9262E6271002B4441 /* LocationCell.swift in Sources */,
				2573258F262D506F00FD18C6 /* HomeController.swift in Sources */,
				2571E546262D2F8A008B0073 /* AppDelegate.swift in Sources */,
				25170D72262E703C000AB39D /* User.swift in Sources */,
				25170D6C262E7004000AB39D /* Service.swift in Sources */,
				2571E548262D2F8A008B0073 /* SceneDelegate.swift in Sources */,
				67A69999262E5E8C00E178BC /* ContainerController.swift in Sources */,
				2571E581262D3091008B0073 /* Extensions.swift in Sources */,
			);
			runOnlyForDeploymentPostprocessing = 0;
		};
		2571E554262D2F8E008B0073 /* Sources */ = {
			isa = PBXSourcesBuildPhase;
			buildActionMask = 2147483647;
			files = (
				2571E55D262D2F8E008B0073 /* muber_v2Tests.swift in Sources */,
			);
			runOnlyForDeploymentPostprocessing = 0;
		};
		2571E55F262D2F8E008B0073 /* Sources */ = {
			isa = PBXSourcesBuildPhase;
			buildActionMask = 2147483647;
			files = (
				2571E568262D2F8E008B0073 /* muber_v2UITests.swift in Sources */,
			);
			runOnlyForDeploymentPostprocessing = 0;
		};
/* End PBXSourcesBuildPhase section */

/* Begin PBXTargetDependency section */
		2571E55A262D2F8E008B0073 /* PBXTargetDependency */ = {
			isa = PBXTargetDependency;
			target = 2571E541262D2F8A008B0073 /* muber-v2 */;
			targetProxy = 2571E559262D2F8E008B0073 /* PBXContainerItemProxy */;
		};
		2571E565262D2F8E008B0073 /* PBXTargetDependency */ = {
			isa = PBXTargetDependency;
			target = 2571E541262D2F8A008B0073 /* muber-v2 */;
			targetProxy = 2571E564262D2F8E008B0073 /* PBXContainerItemProxy */;
		};
/* End PBXTargetDependency section */

/* Begin PBXVariantGroup section */
		2571E54B262D2F8A008B0073 /* Main.storyboard */ = {
			isa = PBXVariantGroup;
			children = (
				2571E54C262D2F8A008B0073 /* Base */,
			);
			name = Main.storyboard;
			sourceTree = "<group>";
		};
		2571E550262D2F8D008B0073 /* LaunchScreen.storyboard */ = {
			isa = PBXVariantGroup;
			children = (
				2571E551262D2F8D008B0073 /* Base */,
			);
			name = LaunchScreen.storyboard;
			sourceTree = "<group>";
		};
/* End PBXVariantGroup section */

/* Begin XCBuildConfiguration section */
		2571E56A262D2F8E008B0073 /* Debug */ = {
			isa = XCBuildConfiguration;
			buildSettings = {
				ALWAYS_SEARCH_USER_PATHS = NO;
				CLANG_ANALYZER_NONNULL = YES;
				CLANG_ANALYZER_NUMBER_OBJECT_CONVERSION = YES_AGGRESSIVE;
				CLANG_CXX_LANGUAGE_STANDARD = "gnu++14";
				CLANG_CXX_LIBRARY = "libc++";
				CLANG_ENABLE_MODULES = YES;
				CLANG_ENABLE_OBJC_ARC = YES;
				CLANG_ENABLE_OBJC_WEAK = YES;
				CLANG_WARN_BLOCK_CAPTURE_AUTORELEASING = YES;
				CLANG_WARN_BOOL_CONVERSION = YES;
				CLANG_WARN_COMMA = YES;
				CLANG_WARN_CONSTANT_CONVERSION = YES;
				CLANG_WARN_DEPRECATED_OBJC_IMPLEMENTATIONS = YES;
				CLANG_WARN_DIRECT_OBJC_ISA_USAGE = YES_ERROR;
				CLANG_WARN_DOCUMENTATION_COMMENTS = YES;
				CLANG_WARN_EMPTY_BODY = YES;
				CLANG_WARN_ENUM_CONVERSION = YES;
				CLANG_WARN_INFINITE_RECURSION = YES;
				CLANG_WARN_INT_CONVERSION = YES;
				CLANG_WARN_NON_LITERAL_NULL_CONVERSION = YES;
				CLANG_WARN_OBJC_IMPLICIT_RETAIN_SELF = YES;
				CLANG_WARN_OBJC_LITERAL_CONVERSION = YES;
				CLANG_WARN_OBJC_ROOT_CLASS = YES_ERROR;
				CLANG_WARN_QUOTED_INCLUDE_IN_FRAMEWORK_HEADER = YES;
				CLANG_WARN_RANGE_LOOP_ANALYSIS = YES;
				CLANG_WARN_STRICT_PROTOTYPES = YES;
				CLANG_WARN_SUSPICIOUS_MOVE = YES;
				CLANG_WARN_UNGUARDED_AVAILABILITY = YES_AGGRESSIVE;
				CLANG_WARN_UNREACHABLE_CODE = YES;
				CLANG_WARN__DUPLICATE_METHOD_MATCH = YES;
				COPY_PHASE_STRIP = NO;
				DEBUG_INFORMATION_FORMAT = dwarf;
				ENABLE_STRICT_OBJC_MSGSEND = YES;
				ENABLE_TESTABILITY = YES;
				GCC_C_LANGUAGE_STANDARD = gnu11;
				GCC_DYNAMIC_NO_PIC = NO;
				GCC_NO_COMMON_BLOCKS = YES;
				GCC_OPTIMIZATION_LEVEL = 0;
				GCC_PREPROCESSOR_DEFINITIONS = (
					"DEBUG=1",
					"$(inherited)",
				);
				GCC_WARN_64_TO_32_BIT_CONVERSION = YES;
				GCC_WARN_ABOUT_RETURN_TYPE = YES_ERROR;
				GCC_WARN_UNDECLARED_SELECTOR = YES;
				GCC_WARN_UNINITIALIZED_AUTOS = YES_AGGRESSIVE;
				GCC_WARN_UNUSED_FUNCTION = YES;
				GCC_WARN_UNUSED_VARIABLE = YES;
				IPHONEOS_DEPLOYMENT_TARGET = 14.4;
				MTL_ENABLE_DEBUG_INFO = INCLUDE_SOURCE;
				MTL_FAST_MATH = YES;
				ONLY_ACTIVE_ARCH = YES;
				SDKROOT = iphoneos;
				SWIFT_ACTIVE_COMPILATION_CONDITIONS = DEBUG;
				SWIFT_OPTIMIZATION_LEVEL = "-Onone";
			};
			name = Debug;
		};
		2571E56B262D2F8E008B0073 /* Release */ = {
			isa = XCBuildConfiguration;
			buildSettings = {
				ALWAYS_SEARCH_USER_PATHS = NO;
				CLANG_ANALYZER_NONNULL = YES;
				CLANG_ANALYZER_NUMBER_OBJECT_CONVERSION = YES_AGGRESSIVE;
				CLANG_CXX_LANGUAGE_STANDARD = "gnu++14";
				CLANG_CXX_LIBRARY = "libc++";
				CLANG_ENABLE_MODULES = YES;
				CLANG_ENABLE_OBJC_ARC = YES;
				CLANG_ENABLE_OBJC_WEAK = YES;
				CLANG_WARN_BLOCK_CAPTURE_AUTORELEASING = YES;
				CLANG_WARN_BOOL_CONVERSION = YES;
				CLANG_WARN_COMMA = YES;
				CLANG_WARN_CONSTANT_CONVERSION = YES;
				CLANG_WARN_DEPRECATED_OBJC_IMPLEMENTATIONS = YES;
				CLANG_WARN_DIRECT_OBJC_ISA_USAGE = YES_ERROR;
				CLANG_WARN_DOCUMENTATION_COMMENTS = YES;
				CLANG_WARN_EMPTY_BODY = YES;
				CLANG_WARN_ENUM_CONVERSION = YES;
				CLANG_WARN_INFINITE_RECURSION = YES;
				CLANG_WARN_INT_CONVERSION = YES;
				CLANG_WARN_NON_LITERAL_NULL_CONVERSION = YES;
				CLANG_WARN_OBJC_IMPLICIT_RETAIN_SELF = YES;
				CLANG_WARN_OBJC_LITERAL_CONVERSION = YES;
				CLANG_WARN_OBJC_ROOT_CLASS = YES_ERROR;
				CLANG_WARN_QUOTED_INCLUDE_IN_FRAMEWORK_HEADER = YES;
				CLANG_WARN_RANGE_LOOP_ANALYSIS = YES;
				CLANG_WARN_STRICT_PROTOTYPES = YES;
				CLANG_WARN_SUSPICIOUS_MOVE = YES;
				CLANG_WARN_UNGUARDED_AVAILABILITY = YES_AGGRESSIVE;
				CLANG_WARN_UNREACHABLE_CODE = YES;
				CLANG_WARN__DUPLICATE_METHOD_MATCH = YES;
				COPY_PHASE_STRIP = NO;
				DEBUG_INFORMATION_FORMAT = "dwarf-with-dsym";
				ENABLE_NS_ASSERTIONS = NO;
				ENABLE_STRICT_OBJC_MSGSEND = YES;
				GCC_C_LANGUAGE_STANDARD = gnu11;
				GCC_NO_COMMON_BLOCKS = YES;
				GCC_WARN_64_TO_32_BIT_CONVERSION = YES;
				GCC_WARN_ABOUT_RETURN_TYPE = YES_ERROR;
				GCC_WARN_UNDECLARED_SELECTOR = YES;
				GCC_WARN_UNINITIALIZED_AUTOS = YES_AGGRESSIVE;
				GCC_WARN_UNUSED_FUNCTION = YES;
				GCC_WARN_UNUSED_VARIABLE = YES;
				IPHONEOS_DEPLOYMENT_TARGET = 14.4;
				MTL_ENABLE_DEBUG_INFO = NO;
				MTL_FAST_MATH = YES;
				SDKROOT = iphoneos;
				SWIFT_COMPILATION_MODE = wholemodule;
				SWIFT_OPTIMIZATION_LEVEL = "-O";
				VALIDATE_PRODUCT = YES;
			};
			name = Release;
		};
		2571E56D262D2F8E008B0073 /* Debug */ = {
			isa = XCBuildConfiguration;
			baseConfigurationReference = 7F763BF86D0608575B463BDD /* Pods-muber-v2.debug.xcconfig */;
			buildSettings = {
				ASSETCATALOG_COMPILER_APPICON_NAME = AppIcon;
				ASSETCATALOG_COMPILER_GLOBAL_ACCENT_COLOR_NAME = AccentColor;
				CODE_SIGN_STYLE = Automatic;
				DEVELOPMENT_TEAM = AW9M25GH8B;
				INFOPLIST_FILE = "muber-v2/Info.plist";
				LD_RUNPATH_SEARCH_PATHS = (
					"$(inherited)",
					"@executable_path/Frameworks",
				);
				PRODUCT_BUNDLE_IDENTIFIER = "com.blackjak.muber-v2";
				PRODUCT_NAME = "$(TARGET_NAME)";
				SWIFT_VERSION = 5.0;
				TARGETED_DEVICE_FAMILY = "1,2";
			};
			name = Debug;
		};
		2571E56E262D2F8E008B0073 /* Release */ = {
			isa = XCBuildConfiguration;
			baseConfigurationReference = 1410DB6CA015650CDCB3D1F0 /* Pods-muber-v2.release.xcconfig */;
			buildSettings = {
				ASSETCATALOG_COMPILER_APPICON_NAME = AppIcon;
				ASSETCATALOG_COMPILER_GLOBAL_ACCENT_COLOR_NAME = AccentColor;
				CODE_SIGN_STYLE = Automatic;
				DEVELOPMENT_TEAM = AW9M25GH8B;
				INFOPLIST_FILE = "muber-v2/Info.plist";
				LD_RUNPATH_SEARCH_PATHS = (
					"$(inherited)",
					"@executable_path/Frameworks",
				);
				PRODUCT_BUNDLE_IDENTIFIER = "com.blackjak.muber-v2";
				PRODUCT_NAME = "$(TARGET_NAME)";
				SWIFT_VERSION = 5.0;
				TARGETED_DEVICE_FAMILY = "1,2";
			};
			name = Release;
		};
		2571E570262D2F8E008B0073 /* Debug */ = {
			isa = XCBuildConfiguration;
			buildSettings = {
				ALWAYS_EMBED_SWIFT_STANDARD_LIBRARIES = YES;
				BUNDLE_LOADER = "$(TEST_HOST)";
				CODE_SIGN_STYLE = Automatic;
				DEVELOPMENT_TEAM = AW9M25GH8B;
				INFOPLIST_FILE = "muber-v2Tests/Info.plist";
				IPHONEOS_DEPLOYMENT_TARGET = 14.4;
				LD_RUNPATH_SEARCH_PATHS = (
					"$(inherited)",
					"@executable_path/Frameworks",
					"@loader_path/Frameworks",
				);
				PRODUCT_BUNDLE_IDENTIFIER = "com.blackjak.muber-v2Tests";
				PRODUCT_NAME = "$(TARGET_NAME)";
				SWIFT_VERSION = 5.0;
				TARGETED_DEVICE_FAMILY = "1,2";
				TEST_HOST = "$(BUILT_PRODUCTS_DIR)/muber-v2.app/muber-v2";
			};
			name = Debug;
		};
		2571E571262D2F8E008B0073 /* Release */ = {
			isa = XCBuildConfiguration;
			buildSettings = {
				ALWAYS_EMBED_SWIFT_STANDARD_LIBRARIES = YES;
				BUNDLE_LOADER = "$(TEST_HOST)";
				CODE_SIGN_STYLE = Automatic;
				DEVELOPMENT_TEAM = AW9M25GH8B;
				INFOPLIST_FILE = "muber-v2Tests/Info.plist";
				IPHONEOS_DEPLOYMENT_TARGET = 14.4;
				LD_RUNPATH_SEARCH_PATHS = (
					"$(inherited)",
					"@executable_path/Frameworks",
					"@loader_path/Frameworks",
				);
				PRODUCT_BUNDLE_IDENTIFIER = "com.blackjak.muber-v2Tests";
				PRODUCT_NAME = "$(TARGET_NAME)";
				SWIFT_VERSION = 5.0;
				TARGETED_DEVICE_FAMILY = "1,2";
				TEST_HOST = "$(BUILT_PRODUCTS_DIR)/muber-v2.app/muber-v2";
			};
			name = Release;
		};
		2571E573262D2F8E008B0073 /* Debug */ = {
			isa = XCBuildConfiguration;
			buildSettings = {
				ALWAYS_EMBED_SWIFT_STANDARD_LIBRARIES = YES;
				CODE_SIGN_STYLE = Automatic;
				DEVELOPMENT_TEAM = AW9M25GH8B;
				INFOPLIST_FILE = "muber-v2UITests/Info.plist";
				LD_RUNPATH_SEARCH_PATHS = (
					"$(inherited)",
					"@executable_path/Frameworks",
					"@loader_path/Frameworks",
				);
				PRODUCT_BUNDLE_IDENTIFIER = "com.blackjak.muber-v2UITests";
				PRODUCT_NAME = "$(TARGET_NAME)";
				SWIFT_VERSION = 5.0;
				TARGETED_DEVICE_FAMILY = "1,2";
				TEST_TARGET_NAME = "muber-v2";
			};
			name = Debug;
		};
		2571E574262D2F8E008B0073 /* Release */ = {
			isa = XCBuildConfiguration;
			buildSettings = {
				ALWAYS_EMBED_SWIFT_STANDARD_LIBRARIES = YES;
				CODE_SIGN_STYLE = Automatic;
				DEVELOPMENT_TEAM = AW9M25GH8B;
				INFOPLIST_FILE = "muber-v2UITests/Info.plist";
				LD_RUNPATH_SEARCH_PATHS = (
					"$(inherited)",
					"@executable_path/Frameworks",
					"@loader_path/Frameworks",
				);
				PRODUCT_BUNDLE_IDENTIFIER = "com.blackjak.muber-v2UITests";
				PRODUCT_NAME = "$(TARGET_NAME)";
				SWIFT_VERSION = 5.0;
				TARGETED_DEVICE_FAMILY = "1,2";
				TEST_TARGET_NAME = "muber-v2";
			};
			name = Release;
		};
/* End XCBuildConfiguration section */

/* Begin XCConfigurationList section */
		2571E53D262D2F8A008B0073 /* Build configuration list for PBXProject "muber-v2" */ = {
			isa = XCConfigurationList;
			buildConfigurations = (
				2571E56A262D2F8E008B0073 /* Debug */,
				2571E56B262D2F8E008B0073 /* Release */,
			);
			defaultConfigurationIsVisible = 0;
			defaultConfigurationName = Release;
		};
		2571E56C262D2F8E008B0073 /* Build configuration list for PBXNativeTarget "muber-v2" */ = {
			isa = XCConfigurationList;
			buildConfigurations = (
				2571E56D262D2F8E008B0073 /* Debug */,
				2571E56E262D2F8E008B0073 /* Release */,
			);
			defaultConfigurationIsVisible = 0;
			defaultConfigurationName = Release;
		};
		2571E56F262D2F8E008B0073 /* Build configuration list for PBXNativeTarget "muber-v2Tests" */ = {
			isa = XCConfigurationList;
			buildConfigurations = (
				2571E570262D2F8E008B0073 /* Debug */,
				2571E571262D2F8E008B0073 /* Release */,
			);
			defaultConfigurationIsVisible = 0;
			defaultConfigurationName = Release;
		};
		2571E572262D2F8E008B0073 /* Build configuration list for PBXNativeTarget "muber-v2UITests" */ = {
			isa = XCConfigurationList;
			buildConfigurations = (
				2571E573262D2F8E008B0073 /* Debug */,
				2571E574262D2F8E008B0073 /* Release */,
			);
			defaultConfigurationIsVisible = 0;
			defaultConfigurationName = Release;
		};
/* End XCConfigurationList section */
	};
	rootObject = 2571E53A262D2F8A008B0073 /* Project object */;
}
